
Microsoft Visual Studio Solution File, Format Version 12.00
# Visual Studio Version 17
VisualStudioVersion = 17.10.34928.147
MinimumVisualStudioVersion = 10.0.40219.1
Project("{FAE04EC0-301F-11D3-BF4B-00C04F79EFBC}") = "Tesis", "Tesis.csproj", "{BD6E340C-B1F6-4244-B4E9-DDA62213B06C}"
EndProject
Global
	GlobalSection(SolutionConfigurationPlatforms) = preSolution
		Debug|Any CPU = Debug|Any CPU
		Release|Any CPU = Release|Any CPU
	EndGlobalSection
	GlobalSection(ProjectConfigurationPlatforms) = postSolution
		{BD6E340C-B1F6-4244-B4E9-DDA62213B06C}.Debug|Any CPU.ActiveCfg = Debug|Any CPU
		{BD6E340C-B1F6-4244-B4E9-DDA62213B06C}.Debug|Any CPU.Build.0 = Debug|Any CPU
		{BD6E340C-B1F6-4244-B4E9-DDA62213B06C}.Release|Any CPU.ActiveCfg = Release|Any CPU
		{BD6E340C-B1F6-4244-B4E9-DDA62213B06C}.Release|Any CPU.Build.0 = Release|Any CPU
	EndGlobalSection
	GlobalSection(SolutionProperties) = preSolution
		HideSolutionNode = FALSE
	EndGlobalSection
	GlobalSection(ExtensibilityGlobals) = postSolution
		SolutionGuid = {0B7B0A1A-5381-4DE4-B605-463DDB7124A3}
	EndGlobalSection
EndGlobal
